
Microsoft Visual Studio Solution File, Format Version 12.00
# Visual Studio Version 16
VisualStudioVersion = 16.0.29102.190
MinimumVisualStudioVersion = 10.0.40219.1
Project("{FAE04EC0-301F-11D3-BF4B-00C04F79EFBC}") = "Aksl.Core", "Aksl.Core.csproj", "{D16AA117-2756-493D-A599-B75428384174}"
EndProject
Global
	GlobalSection(SolutionConfigurationPlatforms) = preSolution
		Debug|Any CPU = Debug|Any CPU
		Release|Any CPU = Release|Any CPU
	EndGlobalSection
	GlobalSection(ProjectConfigurationPlatforms) = postSolution
		{D16AA117-2756-493D-A599-B75428384174}.Debug|Any CPU.ActiveCfg = Debug|Any CPU
		{D16AA117-2756-493D-A599-B75428384174}.Debug|Any CPU.Build.0 = Debug|Any CPU
		{D16AA117-2756-493D-A599-B75428384174}.Release|Any CPU.ActiveCfg = Release|Any CPU
		{D16AA117-2756-493D-A599-B75428384174}.Release|Any CPU.Build.0 = Release|Any CPU
	EndGlobalSection
	GlobalSection(SolutionProperties) = preSolution
		HideSolutionNode = FALSE
	EndGlobalSection
	GlobalSection(ExtensibilityGlobals) = postSolution
		SolutionGuid = {CD9893C0-2BE7-484C-B8B2-13A6DA1767AA}
	EndGlobalSection
EndGlobal
